<?xml version="1.0" encoding="utf-8"?>
<Project xmlns="http://schemas.microsoft.com/developer/msbuild/2003">
  <ItemGroup>
    <Filter Include="Generated Files">
      <UniqueIdentifier>{71ED8ED8-ACB9-4CE9-BBE1-E00B30144E11}</UniqueIdentifier>
      <Extensions>cpp;c;cxx;moc;h;def;odl;idl;res;</Extensions>
    </Filter>
    <Filter Include="Generated Files">
      <UniqueIdentifier>{71ED8ED8-ACB9-4CE9-BBE1-E00B30144E11}</UniqueIdentifier>
      <Extensions>cpp;c;cxx;moc;h;def;odl;idl;res;</Extensions>
    </Filter>
    <Filter Include="Header Files">
      <UniqueIdentifier>{93995380-89BD-4b04-88EB-625FBE52EBFB}</UniqueIdentifier>
      <Extensions>h;hpp;hxx;hm;inl;inc;xsd</Extensions>
    </Filter>
    <Filter Include="Header Files">
      <UniqueIdentifier>{93995380-89BD-4b04-88EB-625FBE52EBFB}</UniqueIdentifier>
      <Extensions>h;hpp;hxx;hm;inl;inc;xsd</Extensions>
    </Filter>
    <Filter Include="Resource Files">
      <UniqueIdentifier>{D9D6E242-F8AF-46E4-B9FD-80ECBC20BA3E}</UniqueIdentifier>
      <Extensions>qrc;*</Extensions>
      <ParseFiles>false</ParseFiles>
    </Filter>
    <Filter Include="Resource Files">
      <UniqueIdentifier>{D9D6E242-F8AF-46E4-B9FD-80ECBC20BA3E}</UniqueIdentifier>
      <Extensions>qrc;*</Extensions>
      <ParseFiles>false</ParseFiles>
    </Filter>
    <Filter Include="Source Files">
      <UniqueIdentifier>{4FC737F1-C7A5-4376-A066-2A32D752A2FF}</UniqueIdentifier>
      <Extensions>cpp;c;cxx;def;odl;idl;hpj;bat;asm;asmx</Extensions>
    </Filter>
    <Filter Include="Source Files">
      <UniqueIdentifier>{4FC737F1-C7A5-4376-A066-2A32D752A2FF}</UniqueIdentifier>
      <Extensions>cpp;c;cxx;def;odl;idl;hpj;bat;asm;asmx</Extensions>
    </Filter>
  </ItemGroup>
  <ItemGroup>
    <ClCompile Include="objects\CuSchemeHandler.cpp">
      <Filter>Source Files</Filter>
    </ClCompile>
    <ClCompile Include="widgets\CuTabButton.cpp">
      <Filter>Source Files</Filter>
    </ClCompile>
    <ClCompile Include="widgets\CuWebView.cpp">
      <Filter>Source Files</Filter>
    </ClCompile>
    <ClCompile Include="windows\MainWindow.cpp">
      <Filter>Source Files</Filter>
    </ClCompile>
    <ClCompile Include="main.cpp">
      <Filter>Source Files</Filter>
    </ClCompile>
    <ClCompile Include="utils\CuJSONObject.cpp">
      <Filter>Source Files</Filter>
    </ClCompile>
    <ClCompile Include="widgets\CuUrlEdit.cpp">
      <Filter>Source Files</Filter>
    </ClCompile>
  </ItemGroup>
  <ItemGroup>
    <ClInclude Include="utils\CuLogger.h">
      <Filter>Header Files</Filter>
    </ClInclude>
    <QtMoc Include="objects\CuSchemeHandler.h">
      <Filter>Header Files</Filter>
    </QtMoc>
    <QtMoc Include="widgets\CuTabButton.h">
      <Filter>Header Files</Filter>
    </QtMoc>
    <QtMoc Include="widgets\CuWebView.h">
      <Filter>Header Files</Filter>
    </QtMoc>
    <QtMoc Include="windows\MainWindow.h">
      <Filter>Header Files</Filter>
    </QtMoc>
    <ClInclude Include="utils\libcu.h">
      <Filter>Header Files</Filter>
    </ClInclude>
    <ClInclude Include="utils\CuJSONObject.h">
      <Filter>Header Files</Filter>
    </ClInclude>
    <ClInclude Include="utils\CuStringMatcher.h">
      <Filter>Header Files</Filter>
    </ClInclude>
    <ClInclude Include="utils\qt_misc.h">
      <Filter>Header Files</Filter>
    </ClInclude>
    <ClInclude Include="resource.h">
      <Filter>Generated Files</Filter>
    </ClInclude>
    <ClInclude Include="utils\CuPairList.h">
      <Filter>Header Files</Filter>
    </ClInclude>
    <ClInclude Include="utils\browser_misc.h">
      <Filter>Header Files</Filter>
    </ClInclude>
  </ItemGroup>
  <ItemGroup>
    <CustomBuild Include="debug\moc_predefs.h.cbt">
      <Filter>Generated Files</Filter>
    </CustomBuild>
    <CustomBuild Include="release\moc_predefs.h.cbt">
      <Filter>Generated Files</Filter>
    </CustomBuild>
  </ItemGroup>
  <ItemGroup>
    <None Include="html\aboutpage.html">
      <Filter>Resource Files</Filter>
    </None>
    <None Include="media\add.png">
      <Filter>Resource Files</Filter>
    </None>
    <None Include="media\back.png">
      <Filter>Resource Files</Filter>
    </None>
    <None Include="media\background.jpg">
      <Filter>Resource Files</Filter>
    </None>
    <None Include="media\cu_icon.ico">
      <Filter>Resource Files</Filter>
    </None>
    <None Include="media\cu_icon.png">
      <Filter>Resource Files</Filter>
    </None>
    <None Include="media\forward.png">
      <Filter>Resource Files</Filter>
    </None>
    <None Include="html\homepage.html">
      <Filter>Resource Files</Filter>
    </None>
    <None Include="media\menu.png">
      <Filter>Resource Files</Filter>
    </None>
    <None Include="media\refresh.png">
      <Filter>Resource Files</Filter>
    </None>
    <QtRcc Include="resources.qrc">
      <Filter>Resource Files</Filter>
    </QtRcc>
    <None Include="html\template_bookmarks.html">
      <Filter>Resource Files</Filter>
    </None>
    <None Include="html\template_history.html">
      <Filter>Resource Files</Filter>
    </None>
  </ItemGroup>
  <ItemGroup>
    <ResourceCompile Include=".\CuprumBrowserQt_resource.rc" />
  </ItemGroup>
  <ItemGroup>
    <QtMoc Include="widgets\CuUrlEdit.h">
      <Filter>Header Files</Filter>
    </QtMoc>
  </ItemGroup>
</Project>